
Microsoft Visual Studio Solution File, Format Version 12.00
Project("{FAE04EC0-301F-11D3-BF4B-00C04F79EFBC}") = "DynamicApi", "DynamicApi.csproj", "{B461770F-81C7-4C4C-AFC1-3FD58A8879A6}"
EndProject
Global
	GlobalSection(SolutionConfigurationPlatforms) = preSolution
		Debug|Any CPU = Debug|Any CPU
		Release|Any CPU = Release|Any CPU
	EndGlobalSection
	GlobalSection(ProjectConfigurationPlatforms) = postSolution
		{B461770F-81C7-4C4C-AFC1-3FD58A8879A6}.Debug|Any CPU.ActiveCfg = Debug|Any CPU
		{B461770F-81C7-4C4C-AFC1-3FD58A8879A6}.Debug|Any CPU.Build.0 = Debug|Any CPU
		{B461770F-81C7-4C4C-AFC1-3FD58A8879A6}.Release|Any CPU.ActiveCfg = Release|Any CPU
		{B461770F-81C7-4C4C-AFC1-3FD58A8879A6}.Release|Any CPU.Build.0 = Release|Any CPU
	EndGlobalSection
EndGlobal
